
Microsoft Visual Studio Solution File, Format Version 12.00
# Visual Studio Version 17
VisualStudioVersion = 17.9.34607.119
MinimumVisualStudioVersion = 10.0.40219.1
Project("{FAE04EC0-301F-11D3-BF4B-00C04F79EFBC}") = "StokMVC", "StokMVC\StokMVC.csproj", "{CF86B4E5-D8FD-4AD7-B4CC-2070B56D91C2}"
EndProject
Global
	GlobalSection(SolutionConfigurationPlatforms) = preSolution
		Debug|Any CPU = Debug|Any CPU
		Release|Any CPU = Release|Any CPU
	EndGlobalSection
	GlobalSection(ProjectConfigurationPlatforms) = postSolution
		{CF86B4E5-D8FD-4AD7-B4CC-2070B56D91C2}.Debug|Any CPU.ActiveCfg = Debug|Any CPU
		{CF86B4E5-D8FD-4AD7-B4CC-2070B56D91C2}.Debug|Any CPU.Build.0 = Debug|Any CPU
		{CF86B4E5-D8FD-4AD7-B4CC-2070B56D91C2}.Release|Any CPU.ActiveCfg = Release|Any CPU
		{CF86B4E5-D8FD-4AD7-B4CC-2070B56D91C2}.Release|Any CPU.Build.0 = Release|Any CPU
	EndGlobalSection
	GlobalSection(SolutionProperties) = preSolution
		HideSolutionNode = FALSE
	EndGlobalSection
	GlobalSection(ExtensibilityGlobals) = postSolution
		SolutionGuid = {DCB844B6-030C-45F8-A28D-B48A74287666}
	EndGlobalSection
EndGlobal
